// !$*UTF8*$!
{
	archiveVersion = 1;
	classes = {
	};
	objectVersion = 50;
	objects = {

/* Begin PBXBuildFile section */
		49DBD38322646A6D006EE6DF /* AppDelegate.swift in Sources */ = {isa = PBXBuildFile; fileRef = 49DBD38222646A6D006EE6DF /* AppDelegate.swift */; };
		49DBD38522646A6D006EE6DF /* ViewController.swift in Sources */ = {isa = PBXBuildFile; fileRef = 49DBD38422646A6D006EE6DF /* ViewController.swift */; };
		49DBD38822646A6D006EE6DF /* Main.storyboard in Resources */ = {isa = PBXBuildFile; fileRef = 49DBD38622646A6D006EE6DF /* Main.storyboard */; };
		49DBD38A22646A6E006EE6DF /* Assets.xcassets in Resources */ = {isa = PBXBuildFile; fileRef = 49DBD38922646A6E006EE6DF /* Assets.xcassets */; };
		49DBD38D22646A6E006EE6DF /* LaunchScreen.storyboard in Resources */ = {isa = PBXBuildFile; fileRef = 49DBD38B22646A6E006EE6DF /* LaunchScreen.storyboard */; };
		49DBD39522648F80006EE6DF /* SharpImageView.swift in Sources */ = {isa = PBXBuildFile; fileRef = 49DBD39422648F80006EE6DF /* SharpImageView.swift */; };
/* End PBXBuildFile section */

/* Begin PBXFileReference section */
		49DBD37F22646A6D006EE6DF /* jasper.app */ = {isa = PBXFileReference; explicitFileType = wrapper.application; includeInIndex = 0; path = jasper.app; sourceTree = BUILT_PRODUCTS_DIR; };
		49DBD38222646A6D006EE6DF /* AppDelegate.swift */ = {isa = PBXFileReference; lastKnownFileType = sourcecode.swift; path = AppDelegate.swift; sourceTree = "<group>"; };
		49DBD38422646A6D006EE6DF /* ViewController.swift */ = {isa = PBXFileReference; lastKnownFileType = sourcecode.swift; path = ViewController.swift; sourceTree = "<group>"; };
		49DBD38722646A6D006EE6DF /* Base */ = {isa = PBXFileReference; lastKnownFileType = file.storyboard; name = Base; path = Base.lproj/Main.storyboard; sourceTree = "<group>"; };
		49DBD38922646A6E006EE6DF /* Assets.xcassets */ = {isa = PBXFileReference; lastKnownFileType = folder.assetcatalog; path = Assets.xcassets; sourceTree = "<group>"; };
		49DBD38C22646A6E006EE6DF /* Base */ = {isa = PBXFileReference; lastKnownFileType = file.storyboard; name = Base; path = Base.lproj/LaunchScreen.storyboard; sourceTree = "<group>"; };
		49DBD38E22646A6E006EE6DF /* Info.plist */ = {isa = PBXFileReference; lastKnownFileType = text.plist.xml; path = Info.plist; sourceTree = "<group>"; };
		49DBD39422648F80006EE6DF /* SharpImageView.swift */ = {isa = PBXFileReference; lastKnownFileType = sourcecode.swift; path = SharpImageView.swift; sourceTree = "<group>"; };
/* End PBXFileReference section */

/* Begin PBXFrameworksBuildPhase section */
		49DBD37C22646A6D006EE6DF /* Frameworks */ = {
			isa = PBXFrameworksBuildPhase;
			buildActionMask = 2147483647;
			files = (
			);
			runOnlyForDeploymentPostprocessing = 0;
		};
/* End PBXFrameworksBuildPhase section */

/* Begin PBXGroup section */
		49DBD37622646A6D006EE6DF = {
			isa = PBXGroup;
			children = (
				49DBD38122646A6D006EE6DF /* jasper */,
				49DBD38022646A6D006EE6DF /* Products */,
			);
			sourceTree = "<group>";
		};
		49DBD38022646A6D006EE6DF /* Products */ = {
			isa = PBXGroup;
			children = (
				49DBD37F22646A6D006EE6DF /* jasper.app */,
			);
			name = Products;
			sourceTree = "<group>";
		};
		49DBD38122646A6D006EE6DF /* jasper */ = {
			isa = PBXGroup;
			children = (
				49DBD38222646A6D006EE6DF /* AppDelegate.swift */,
				49DBD38422646A6D006EE6DF /* ViewController.swift */,
				49DBD38622646A6D006EE6DF /* Main.storyboard */,
				49DBD39422648F80006EE6DF /* SharpImageView.swift */,
				49DBD38922646A6E006EE6DF /* Assets.xcassets */,
				49DBD38B22646A6E006EE6DF /* LaunchScreen.storyboard */,
				49DBD38E22646A6E006EE6DF /* Info.plist */,
			);
			path = jasper;
			sourceTree = "<group>";
		};
/* End PBXGroup section */

/* Begin PBXNativeTarget section */
		49DBD37E22646A6D006EE6DF /* jasper */ = {
			isa = PBXNativeTarget;
			buildConfigurationList = 49DBD39122646A6E006EE6DF /* Build configuration list for PBXNativeTarget "jasper" */;
			buildPhases = (
				49DBD37B22646A6D006EE6DF /* Sources */,
				49DBD37C22646A6D006EE6DF /* Frameworks */,
				49DBD37D22646A6D006EE6DF /* Resources */,
			);
			buildRules = (
			);
			dependencies = (
			);
			name = jasper;
			productName = jasper;
			productReference = 49DBD37F22646A6D006EE6DF /* jasper.app */;
			productType = "com.apple.product-type.application";
		};
/* End PBXNativeTarget section */

/* Begin PBXProject section */
		49DBD37722646A6D006EE6DF /* Project object */ = {
			isa = PBXProject;
			attributes = {
				LastSwiftUpdateCheck = 1010;
				LastUpgradeCheck = 1010;
				ORGANIZATIONNAME = User16;
				TargetAttributes = {
					49DBD37E22646A6D006EE6DF = {
						CreatedOnToolsVersion = 10.1;
					};
				};
			};
			buildConfigurationList = 49DBD37A22646A6D006EE6DF /* Build configuration list for PBXProject "jasper" */;
			compatibilityVersion = "Xcode 9.3";
			developmentRegion = en;
			hasScannedForEncodings = 0;
			knownRegions = (
				en,
				Base,
			);
			mainGroup = 49DBD37622646A6D006EE6DF;
			productRefGroup = 49DBD38022646A6D006EE6DF /* Products */;
			projectDirPath = "";
			projectRoot = "";
			targets = (
				49DBD37E22646A6D006EE6DF /* jasper */,
			);
		};
/* End PBXProject section */

/* Begin PBXResourcesBuildPhase section */
		49DBD37D22646A6D006EE6DF /* Resources */ = {
			isa = PBXResourcesBuildPhase;
			buildActionMask = 2147483647;
			files = (
				49DBD38D22646A6E006EE6DF /* LaunchScreen.storyboard in Resources */,
				49DBD38A22646A6E006EE6DF /* Assets.xcassets in Resources */,
				49DBD38822646A6D006EE6DF /* Main.storyboard in Resources */,
			);
			runOnlyForDeploymentPostprocessing = 0;
		};
/* End PBXResourcesBuildPhase section */

/* Begin PBXSourcesBuildPhase section */
		49DBD37B22646A6D006EE6DF /* Sources */ = {
			isa = PBXSourcesBuildPhase;
			buildActionMask = 2147483647;
			files = (
				49DBD38522646A6D006EE6DF /* ViewController.swift in Sources */,
				49DBD39522648F80006EE6DF /* SharpImageView.swift in Sources */,
				49DBD38322646A6D006EE6DF /* AppDelegate.swift in Sources */,
			);
			runOnlyForDeploymentPostprocessing = 0;
		};
/* End PBXSourcesBuildPhase section */

/* Begin PBXVariantGroup section */
		49DBD38622646A6D006EE6DF /* Main.storyboard */ = {
			isa = PBXVariantGroup;
			children = (
				49DBD38722646A6D006EE6DF /* Base */,
			);
			name = Main.storyboard;
			sourceTree = "<group>";
		};
		49DBD38B22646A6E006EE6DF /* LaunchScreen.storyboard */ = {
			isa = PBXVariantGroup;
			children = (
				49DBD38C22646A6E006EE6DF /* Base */,
			);
			name = LaunchScreen.storyboard;
			sourceTree = "<group>";
		};
/* End PBXVariantGroup section */

/* Begin XCBuildConfiguration section */
		49DBD38F22646A6E006EE6DF /* Debug */ = {
			isa = XCBuildConfiguration;
			buildSettings = {
				ALWAYS_SEARCH_USER_PATHS = NO;
				CLANG_ANALYZER_NONNULL = YES;
				CLANG_ANALYZER_NUMBER_OBJECT_CONVERSION = YES_AGGRESSIVE;
				CLANG_CXX_LANGUAGE_STANDARD = "gnu++14";
				CLANG_CXX_LIBRARY = "libc++";
				CLANG_ENABLE_MODULES = YES;
				CLANG_ENABLE_OBJC_ARC = YES;
				CLANG_ENABLE_OBJC_WEAK = YES;
				CLANG_WARN_BLOCK_CAPTURE_AUTORELEASING = YES;
				CLANG_WARN_BOOL_CONVERSION = YES;
				CLANG_WARN_COMMA = YES;
				CLANG_WARN_CONSTANT_CONVERSION = YES;
				CLANG_WARN_DEPRECATED_OBJC_IMPLEMENTATIONS = YES;
				CLANG_WARN_DIRECT_OBJC_ISA_USAGE = YES_ERROR;
				CLANG_WARN_DOCUMENTATION_COMMENTS = YES;
				CLANG_WARN_EMPTY_BODY = YES;
				CLANG_WARN_ENUM_CONVERSION = YES;
				CLANG_WARN_INFINITE_RECURSION = YES;
				CLANG_WARN_INT_CONVERSION = YES;
				CLANG_WARN_NON_LITERAL_NULL_CONVERSION = YES;
				CLANG_WARN_OBJC_IMPLICIT_RETAIN_SELF = YES;
				CLANG_WARN_OBJC_LITERAL_CONVERSION = YES;
				CLANG_WARN_OBJC_ROOT_CLASS = YES_ERROR;
				CLANG_WARN_RANGE_LOOP_ANALYSIS = YES;
				CLANG_WARN_STRICT_PROTOTYPES = YES;
				CLANG_WARN_SUSPICIOUS_MOVE = YES;
				CLANG_WARN_UNGUARDED_AVAILABILITY = YES_AGGRESSIVE;
				CLANG_WARN_UNREACHABLE_CODE = YES;
				CLANG_WARN__DUPLICATE_METHOD_MATCH = YES;
				CODE_SIGN_IDENTITY = "iPhone Developer";
				COPY_PHASE_STRIP = NO;
				DEBUG_INFORMATION_FORMAT = dwarf;
				ENABLE_STRICT_OBJC_MSGSEND = YES;
				ENABLE_TESTABILITY = YES;
				GCC_C_LANGUAGE_STANDARD = gnu11;
				GCC_DYNAMIC_NO_PIC = NO;
				GCC_NO_COMMON_BLOCKS = YES;
				GCC_OPTIMIZATION_LEVEL = 0;
				GCC_PREPROCESSOR_DEFINITIONS = (
					"DEBUG=1",
					"$(inherited)",
				);
				GCC_WARN_64_TO_32_BIT_CONVERSION = YES;
				GCC_WARN_ABOUT_RETURN_TYPE = YES_ERROR;
				GCC_WARN_UNDECLARED_SELECTOR = YES;
				GCC_WARN_UNINITIALIZED_AUTOS = YES_AGGRESSIVE;
				GCC_WARN_UNUSED_FUNCTION = YES;
				GCC_WARN_UNUSED_VARIABLE = YES;
				IPHONEOS_DEPLOYMENT_TARGET = 12.1;
				MTL_ENABLE_DEBUG_INFO = INCLUDE_SOURCE;
				MTL_FAST_MATH = YES;
				ONLY_ACTIVE_ARCH = YES;
				SDKROOT = iphoneos;
				SWIFT_ACTIVE_COMPILATION_CONDITIONS = DEBUG;
				SWIFT_OPTIMIZATION_LEVEL = "-Onone";
			};
			name = Debug;
		};
		49DBD39022646A6E006EE6DF /* Release */ = {
			isa = XCBuildConfiguration;
			buildSettings = {
				ALWAYS_SEARCH_USER_PATHS = NO;
				CLANG_ANALYZER_NONNULL = YES;
				CLANG_ANALYZER_NUMBER_OBJECT_CONVERSION = YES_AGGRESSIVE;
				CLANG_CXX_LANGUAGE_STANDARD = "gnu++14";
				CLANG_CXX_LIBRARY = "libc++";
				CLANG_ENABLE_MODULES = YES;
				CLANG_ENABLE_OBJC_ARC = YES;
				CLANG_ENABLE_OBJC_WEAK = YES;
				CLANG_WARN_BLOCK_CAPTURE_AUTORELEASING = YES;
				CLANG_WARN_BOOL_CONVERSION = YES;
				CLANG_WARN_COMMA = YES;
				CLANG_WARN_CONSTANT_CONVERSION = YES;
				CLANG_WARN_DEPRECATED_OBJC_IMPLEMENTATIONS = YES;
				CLANG_WARN_DIRECT_OBJC_ISA_USAGE = YES_ERROR;
				CLANG_WARN_DOCUMENTATION_COMMENTS = YES;
				CLANG_WARN_EMPTY_BODY = YES;
				CLANG_WARN_ENUM_CONVERSION = YES;
				CLANG_WARN_INFINITE_RECURSION = YES;
				CLANG_WARN_INT_CONVERSION = YES;
				CLANG_WARN_NON_LITERAL_NULL_CONVERSION = YES;
				CLANG_WARN_OBJC_IMPLICIT_RETAIN_SELF = YES;
				CLANG_WARN_OBJC_LITERAL_CONVERSION = YES;
				CLANG_WARN_OBJC_ROOT_CLASS = YES_ERROR;
				CLANG_WARN_RANGE_LOOP_ANALYSIS = YES;
				CLANG_WARN_STRICT_PROTOTYPES = YES;
				CLANG_WARN_SUSPICIOUS_MOVE = YES;
				CLANG_WARN_UNGUARDED_AVAILABILITY = YES_AGGRESSIVE;
				CLANG_WARN_UNREACHABLE_CODE = YES;
				CLANG_WARN__DUPLICATE_METHOD_MATCH = YES;
				CODE_SIGN_IDENTITY = "iPhone Developer";
				COPY_PHASE_STRIP = NO;
				DEBUG_INFORMATION_FORMAT = "dwarf-with-dsym";
				ENABLE_NS_ASSERTIONS = NO;
				ENABLE_STRICT_OBJC_MSGSEND = YES;
				GCC_C_LANGUAGE_STANDARD = gnu11;
				GCC_NO_COMMON_BLOCKS = YES;
				GCC_WARN_64_TO_32_BIT_CONVERSION = YES;
				GCC_WARN_ABOUT_RETURN_TYPE = YES_ERROR;
				GCC_WARN_UNDECLARED_SELECTOR = YES;
				GCC_WARN_UNINITIALIZED_AUTOS = YES_AGGRESSIVE;
				GCC_WARN_UNUSED_FUNCTION = YES;
				GCC_WARN_UNUSED_VARIABLE = YES;
				IPHONEOS_DEPLOYMENT_TARGET = 12.1;
				MTL_ENABLE_DEBUG_INFO = NO;
				MTL_FAST_MATH = YES;
				SDKROOT = iphoneos;
				SWIFT_COMPILATION_MODE = wholemodule;
				SWIFT_OPTIMIZATION_LEVEL = "-O";
				VALIDATE_PRODUCT = YES;
			};
			name = Release;
		};
		49DBD39222646A6E006EE6DF /* Debug */ = {
			isa = XCBuildConfiguration;
			buildSettings = {
				ASSETCATALOG_COMPILER_APPICON_NAME = AppIcon;
				CODE_SIGN_STYLE = Automatic;
				INFOPLIST_FILE = jasper/Info.plist;
				LD_RUNPATH_SEARCH_PATHS = (
					"$(inherited)",
					"@executable_path/Frameworks",
				);
				PRODUCT_BUNDLE_IDENTIFIER = com.vv.jasper;
				PRODUCT_NAME = "$(TARGET_NAME)";
				SWIFT_VERSION = 4.2;
				TARGETED_DEVICE_FAMILY = "1,2";
			};
			name = Debug;
		};
		49DBD39322646A6E006EE6DF /* Release */ = {
			isa = XCBuildConfiguration;
			buildSettings = {
				ASSETCATALOG_COMPILER_APPICON_NAME = AppIcon;
				CODE_SIGN_STYLE = Automatic;
				INFOPLIST_FILE = jasper/Info.plist;
				LD_RUNPATH_SEARCH_PATHS = (
					"$(inherited)",
					"@executable_path/Frameworks",
				);
				PRODUCT_BUNDLE_IDENTIFIER = com.vv.jasper;
				PRODUCT_NAME = "$(TARGET_NAME)";
				SWIFT_VERSION = 4.2;
				TARGETED_DEVICE_FAMILY = "1,2";
			};
			name = Release;
		};
/* End XCBuildConfiguration section */

/* Begin XCConfigurationList section */
		49DBD37A22646A6D006EE6DF /* Build configuration list for PBXProject "jasper" */ = {
			isa = XCConfigurationList;
			buildConfigurations = (
				49DBD38F22646A6E006EE6DF /* Debug */,
				49DBD39022646A6E006EE6DF /* Release */,
			);
			defaultConfigurationIsVisible = 0;
			defaultConfigurationName = Release;
		};
		49DBD39122646A6E006EE6DF /* Build configuration list for PBXNativeTarget "jasper" */ = {
			isa = XCConfigurationList;
			buildConfigurations = (
				49DBD39222646A6E006EE6DF /* Debug */,
				49DBD39322646A6E006EE6DF /* Release */,
			);
			defaultConfigurationIsVisible = 0;
			defaultConfigurationName = Release;
		};
/* End XCConfigurationList section */
	};
	rootObject = 49DBD37722646A6D006EE6DF /* Project object */;
}
